
Microsoft Visual Studio Solution File, Format Version 12.00
# Visual Studio Version 17
VisualStudioVersion = 17.4.33205.214
MinimumVisualStudioVersion = 10.0.40219.1
Project("{FAE04EC0-301F-11D3-BF4B-00C04F79EFBC}") = "VtysProje.Libary", "VtysProje.Libary\VtysProje.Libary.csproj", "{79DFAE68-A2B4-4218-A65A-0AADCF0031C1}"
EndProject
Project("{FAE04EC0-301F-11D3-BF4B-00C04F79EFBC}") = "VtysProje.Desktop", "VtysProje.Desktop\VtysProje.Desktop.csproj", "{ED8B88AA-DCE4-4A3C-A6BF-D1ACD93D8C63}"
EndProject
Global
	GlobalSection(SolutionConfigurationPlatforms) = preSolution
		Debug|Any CPU = Debug|Any CPU
		Release|Any CPU = Release|Any CPU
	EndGlobalSection
	GlobalSection(ProjectConfigurationPlatforms) = postSolution
		{79DFAE68-A2B4-4218-A65A-0AADCF0031C1}.Debug|Any CPU.ActiveCfg = Debug|Any CPU
		{79DFAE68-A2B4-4218-A65A-0AADCF0031C1}.Debug|Any CPU.Build.0 = Debug|Any CPU
		{79DFAE68-A2B4-4218-A65A-0AADCF0031C1}.Release|Any CPU.ActiveCfg = Release|Any CPU
		{79DFAE68-A2B4-4218-A65A-0AADCF0031C1}.Release|Any CPU.Build.0 = Release|Any CPU
		{ED8B88AA-DCE4-4A3C-A6BF-D1ACD93D8C63}.Debug|Any CPU.ActiveCfg = Debug|Any CPU
		{ED8B88AA-DCE4-4A3C-A6BF-D1ACD93D8C63}.Debug|Any CPU.Build.0 = Debug|Any CPU
		{ED8B88AA-DCE4-4A3C-A6BF-D1ACD93D8C63}.Release|Any CPU.ActiveCfg = Release|Any CPU
		{ED8B88AA-DCE4-4A3C-A6BF-D1ACD93D8C63}.Release|Any CPU.Build.0 = Release|Any CPU
	EndGlobalSection
	GlobalSection(SolutionProperties) = preSolution
		HideSolutionNode = FALSE
	EndGlobalSection
	GlobalSection(ExtensibilityGlobals) = postSolution
		SolutionGuid = {3D36D68D-69A0-41BC-BCF5-3ACF93517994}
	EndGlobalSection
EndGlobal
